
Microsoft Visual Studio Solution File, Format Version 12.00
# Visual Studio Version 16
VisualStudioVersion = 16.0.30804.86
MinimumVisualStudioVersion = 10.0.40219.1
Project("{9A19103F-16F7-4668-BE54-9A1E7A4F7556}") = "Onspring.API.SDK", "Onspring.API.SDK\Onspring.API.SDK.csproj", "{80DB29FB-B774-4E87-83E9-C2E7A7CB640B}"
EndProject
Project("{FAE04EC0-301F-11D3-BF4B-00C04F79EFBC}") = "Onspring.API.SDK.Tests", "Onspring.API.SDK.Tests\Onspring.API.SDK.Tests.csproj", "{CE799E06-D3F0-463B-91F5-79FB8821B862}"
EndProject
Global
	GlobalSection(SolutionConfigurationPlatforms) = preSolution
		Debug|Any CPU = Debug|Any CPU
		Release|Any CPU = Release|Any CPU
	EndGlobalSection
	GlobalSection(ProjectConfigurationPlatforms) = postSolution
		{80DB29FB-B774-4E87-83E9-C2E7A7CB640B}.Debug|Any CPU.ActiveCfg = Debug|Any CPU
		{80DB29FB-B774-4E87-83E9-C2E7A7CB640B}.Debug|Any CPU.Build.0 = Debug|Any CPU
		{80DB29FB-B774-4E87-83E9-C2E7A7CB640B}.Release|Any CPU.ActiveCfg = Release|Any CPU
		{80DB29FB-B774-4E87-83E9-C2E7A7CB640B}.Release|Any CPU.Build.0 = Release|Any CPU
		{CE799E06-D3F0-463B-91F5-79FB8821B862}.Debug|Any CPU.ActiveCfg = Debug|Any CPU
		{CE799E06-D3F0-463B-91F5-79FB8821B862}.Debug|Any CPU.Build.0 = Debug|Any CPU
		{CE799E06-D3F0-463B-91F5-79FB8821B862}.Release|Any CPU.ActiveCfg = Release|Any CPU
		{CE799E06-D3F0-463B-91F5-79FB8821B862}.Release|Any CPU.Build.0 = Release|Any CPU
	EndGlobalSection
	GlobalSection(SolutionProperties) = preSolution
		HideSolutionNode = FALSE
	EndGlobalSection
	GlobalSection(ExtensibilityGlobals) = postSolution
		SolutionGuid = {D28CB14A-A428-4617-9E86-3C5D7C110B33}
	EndGlobalSection
EndGlobal
